// !$*UTF8*$!
{
	archiveVersion = 1;
	classes = {
	};
	objectVersion = 50;
	objects = {

/* Begin PBXBuildFile section */
		AB11175D204051CD008B65C1 /* AppDelegate.swift in Sources */ = {isa = PBXBuildFile; fileRef = AB11175C204051CD008B65C1 /* AppDelegate.swift */; };
		AB11175F204051CD008B65C1 /* ViewController.swift in Sources */ = {isa = PBXBuildFile; fileRef = AB11175E204051CD008B65C1 /* ViewController.swift */; };
		AB111762204051CD008B65C1 /* Main.storyboard in Resources */ = {isa = PBXBuildFile; fileRef = AB111760204051CD008B65C1 /* Main.storyboard */; };
		AB111764204051CE008B65C1 /* Assets.xcassets in Resources */ = {isa = PBXBuildFile; fileRef = AB111763204051CE008B65C1 /* Assets.xcassets */; };
		AB111767204051CE008B65C1 /* LaunchScreen.storyboard in Resources */ = {isa = PBXBuildFile; fileRef = AB111765204051CE008B65C1 /* LaunchScreen.storyboard */; };
		AB111772204051CE008B65C1 /* _1TagCounterTests.swift in Sources */ = {isa = PBXBuildFile; fileRef = AB111771204051CE008B65C1 /* _1TagCounterTests.swift */; };
		AB11177D204051F5008B65C1 /* View.swift in Sources */ = {isa = PBXBuildFile; fileRef = AB11177C204051F5008B65C1 /* View.swift */; };
		AB11178320406D1D008B65C1 /* Count.swift in Sources */ = {isa = PBXBuildFile; fileRef = AB11178220406D1D008B65C1 /* Count.swift */; };
		ABB1599520409B8900F34D3D /* Record.swift in Sources */ = {isa = PBXBuildFile; fileRef = ABB1599420409B8900F34D3D /* Record.swift */; };
/* End PBXBuildFile section */

/* Begin PBXContainerItemProxy section */
		AB11176E204051CE008B65C1 /* PBXContainerItemProxy */ = {
			isa = PBXContainerItemProxy;
			containerPortal = AB111751204051CD008B65C1 /* Project object */;
			proxyType = 1;
			remoteGlobalIDString = AB111758204051CD008B65C1;
			remoteInfo = 01TagCounter;
		};
/* End PBXContainerItemProxy section */

/* Begin PBXFileReference section */
		AB111759204051CD008B65C1 /* TapCounter.app */ = {isa = PBXFileReference; explicitFileType = wrapper.application; includeInIndex = 0; path = TapCounter.app; sourceTree = BUILT_PRODUCTS_DIR; };
		AB11175C204051CD008B65C1 /* AppDelegate.swift */ = {isa = PBXFileReference; lastKnownFileType = sourcecode.swift; path = AppDelegate.swift; sourceTree = "<group>"; };
		AB11175E204051CD008B65C1 /* ViewController.swift */ = {isa = PBXFileReference; lastKnownFileType = sourcecode.swift; path = ViewController.swift; sourceTree = "<group>"; };
		AB111761204051CD008B65C1 /* Base */ = {isa = PBXFileReference; lastKnownFileType = file.storyboard; name = Base; path = Base.lproj/Main.storyboard; sourceTree = "<group>"; };
		AB111763204051CE008B65C1 /* Assets.xcassets */ = {isa = PBXFileReference; lastKnownFileType = folder.assetcatalog; path = Assets.xcassets; sourceTree = "<group>"; };
		AB111766204051CE008B65C1 /* Base */ = {isa = PBXFileReference; lastKnownFileType = file.storyboard; name = Base; path = Base.lproj/LaunchScreen.storyboard; sourceTree = "<group>"; };
		AB111768204051CE008B65C1 /* Info.plist */ = {isa = PBXFileReference; lastKnownFileType = text.plist.xml; path = Info.plist; sourceTree = "<group>"; };
		AB11176D204051CE008B65C1 /* TapCounterTests.xctest */ = {isa = PBXFileReference; explicitFileType = wrapper.cfbundle; includeInIndex = 0; path = TapCounterTests.xctest; sourceTree = BUILT_PRODUCTS_DIR; };
		AB111771204051CE008B65C1 /* _1TagCounterTests.swift */ = {isa = PBXFileReference; lastKnownFileType = sourcecode.swift; path = _1TagCounterTests.swift; sourceTree = "<group>"; };
		AB111773204051CE008B65C1 /* Info.plist */ = {isa = PBXFileReference; lastKnownFileType = text.plist.xml; path = Info.plist; sourceTree = "<group>"; };
		AB11177C204051F5008B65C1 /* View.swift */ = {isa = PBXFileReference; lastKnownFileType = sourcecode.swift; path = View.swift; sourceTree = "<group>"; };
		AB11178220406D1D008B65C1 /* Count.swift */ = {isa = PBXFileReference; lastKnownFileType = sourcecode.swift; path = Count.swift; sourceTree = "<group>"; };
		ABB1599420409B8900F34D3D /* Record.swift */ = {isa = PBXFileReference; lastKnownFileType = sourcecode.swift; path = Record.swift; sourceTree = "<group>"; };
/* End PBXFileReference section */

/* Begin PBXFrameworksBuildPhase section */
		AB111756204051CD008B65C1 /* Frameworks */ = {
			isa = PBXFrameworksBuildPhase;
			buildActionMask = 2147483647;
			files = (
			);
			runOnlyForDeploymentPostprocessing = 0;
		};
		AB11176A204051CE008B65C1 /* Frameworks */ = {
			isa = PBXFrameworksBuildPhase;
			buildActionMask = 2147483647;
			files = (
			);
			runOnlyForDeploymentPostprocessing = 0;
		};
/* End PBXFrameworksBuildPhase section */

/* Begin PBXGroup section */
		AB111750204051CD008B65C1 = {
			isa = PBXGroup;
			children = (
				AB11175B204051CD008B65C1 /* TapCounter */,
				AB111770204051CE008B65C1 /* TapCounterTests */,
				AB11175A204051CD008B65C1 /* Products */,
			);
			sourceTree = "<group>";
		};
		AB11175A204051CD008B65C1 /* Products */ = {
			isa = PBXGroup;
			children = (
				AB111759204051CD008B65C1 /* TapCounter.app */,
				AB11176D204051CE008B65C1 /* TapCounterTests.xctest */,
			);
			name = Products;
			sourceTree = "<group>";
		};
		AB11175B204051CD008B65C1 /* TapCounter */ = {
			isa = PBXGroup;
			children = (
				AB111781204052EF008B65C1 /* API */,
				AB111780204052E7008B65C1 /* Controller */,
				AB11177F204052DE008B65C1 /* Model */,
				AB11177E204052D9008B65C1 /* View */,
				AB111760204051CD008B65C1 /* Main.storyboard */,
				AB111763204051CE008B65C1 /* Assets.xcassets */,
				AB111765204051CE008B65C1 /* LaunchScreen.storyboard */,
				AB111768204051CE008B65C1 /* Info.plist */,
			);
			path = TapCounter;
			sourceTree = "<group>";
		};
		AB111770204051CE008B65C1 /* TapCounterTests */ = {
			isa = PBXGroup;
			children = (
				AB111771204051CE008B65C1 /* _1TagCounterTests.swift */,
				AB111773204051CE008B65C1 /* Info.plist */,
			);
			path = TapCounterTests;
			sourceTree = "<group>";
		};
		AB11177E204052D9008B65C1 /* View */ = {
			isa = PBXGroup;
			children = (
				AB11177C204051F5008B65C1 /* View.swift */,
			);
			name = View;
			sourceTree = "<group>";
		};
		AB11177F204052DE008B65C1 /* Model */ = {
			isa = PBXGroup;
			children = (
				AB11178220406D1D008B65C1 /* Count.swift */,
				ABB1599420409B8900F34D3D /* Record.swift */,
			);
			name = Model;
			sourceTree = "<group>";
		};
		AB111780204052E7008B65C1 /* Controller */ = {
			isa = PBXGroup;
			children = (
				AB11175E204051CD008B65C1 /* ViewController.swift */,
			);
			name = Controller;
			sourceTree = "<group>";
		};
		AB111781204052EF008B65C1 /* API */ = {
			isa = PBXGroup;
			children = (
				AB11175C204051CD008B65C1 /* AppDelegate.swift */,
			);
			name = API;
			sourceTree = "<group>";
		};
/* End PBXGroup section */

/* Begin PBXNativeTarget section */
		AB111758204051CD008B65C1 /* TapCounter */ = {
			isa = PBXNativeTarget;
			buildConfigurationList = AB111776204051CE008B65C1 /* Build configuration list for PBXNativeTarget "TapCounter" */;
			buildPhases = (
				AB111755204051CD008B65C1 /* Sources */,
				AB111756204051CD008B65C1 /* Frameworks */,
				AB111757204051CD008B65C1 /* Resources */,
			);
			buildRules = (
			);
			dependencies = (
			);
			name = TapCounter;
			productName = 01TagCounter;
			productReference = AB111759204051CD008B65C1 /* TapCounter.app */;
			productType = "com.apple.product-type.application";
		};
		AB11176C204051CE008B65C1 /* TapCounterTests */ = {
			isa = PBXNativeTarget;
			buildConfigurationList = AB111779204051CE008B65C1 /* Build configuration list for PBXNativeTarget "TapCounterTests" */;
			buildPhases = (
				AB111769204051CE008B65C1 /* Sources */,
				AB11176A204051CE008B65C1 /* Frameworks */,
				AB11176B204051CE008B65C1 /* Resources */,
			);
			buildRules = (
			);
			dependencies = (
				AB11176F204051CE008B65C1 /* PBXTargetDependency */,
			);
			name = TapCounterTests;
			productName = 01TagCounterTests;
			productReference = AB11176D204051CE008B65C1 /* TapCounterTests.xctest */;
			productType = "com.apple.product-type.bundle.unit-test";
		};
/* End PBXNativeTarget section */

/* Begin PBXProject section */
		AB111751204051CD008B65C1 /* Project object */ = {
			isa = PBXProject;
			attributes = {
				LastSwiftUpdateCheck = 0930;
				LastUpgradeCheck = 0930;
				ORGANIZATIONNAME = gakki;
				TargetAttributes = {
					AB111758204051CD008B65C1 = {
						CreatedOnToolsVersion = 9.3;
					};
					AB11176C204051CE008B65C1 = {
						CreatedOnToolsVersion = 9.3;
						TestTargetID = AB111758204051CD008B65C1;
					};
				};
			};
			buildConfigurationList = AB111754204051CD008B65C1 /* Build configuration list for PBXProject "TapCounter" */;
			compatibilityVersion = "Xcode 9.3";
			developmentRegion = en;
			hasScannedForEncodings = 0;
			knownRegions = (
				en,
				Base,
			);
			mainGroup = AB111750204051CD008B65C1;
			productRefGroup = AB11175A204051CD008B65C1 /* Products */;
			projectDirPath = "";
			projectRoot = "";
			targets = (
				AB111758204051CD008B65C1 /* TapCounter */,
				AB11176C204051CE008B65C1 /* TapCounterTests */,
			);
		};
/* End PBXProject section */

/* Begin PBXResourcesBuildPhase section */
		AB111757204051CD008B65C1 /* Resources */ = {
			isa = PBXResourcesBuildPhase;
			buildActionMask = 2147483647;
			files = (
				AB111767204051CE008B65C1 /* LaunchScreen.storyboard in Resources */,
				AB111764204051CE008B65C1 /* Assets.xcassets in Resources */,
				AB111762204051CD008B65C1 /* Main.storyboard in Resources */,
			);
			runOnlyForDeploymentPostprocessing = 0;
		};
		AB11176B204051CE008B65C1 /* Resources */ = {
			isa = PBXResourcesBuildPhase;
			buildActionMask = 2147483647;
			files = (
			);
			runOnlyForDeploymentPostprocessing = 0;
		};
/* End PBXResourcesBuildPhase section */

/* Begin PBXSourcesBuildPhase section */
		AB111755204051CD008B65C1 /* Sources */ = {
			isa = PBXSourcesBuildPhase;
			buildActionMask = 2147483647;
			files = (
				ABB1599520409B8900F34D3D /* Record.swift in Sources */,
				AB11175F204051CD008B65C1 /* ViewController.swift in Sources */,
				AB11175D204051CD008B65C1 /* AppDelegate.swift in Sources */,
				AB11177D204051F5008B65C1 /* View.swift in Sources */,
				AB11178320406D1D008B65C1 /* Count.swift in Sources */,
			);
			runOnlyForDeploymentPostprocessing = 0;
		};
		AB111769204051CE008B65C1 /* Sources */ = {
			isa = PBXSourcesBuildPhase;
			buildActionMask = 2147483647;
			files = (
				AB111772204051CE008B65C1 /* _1TagCounterTests.swift in Sources */,
			);
			runOnlyForDeploymentPostprocessing = 0;
		};
/* End PBXSourcesBuildPhase section */

/* Begin PBXTargetDependency section */
		AB11176F204051CE008B65C1 /* PBXTargetDependency */ = {
			isa = PBXTargetDependency;
			target = AB111758204051CD008B65C1 /* TapCounter */;
			targetProxy = AB11176E204051CE008B65C1 /* PBXContainerItemProxy */;
		};
/* End PBXTargetDependency section */

/* Begin PBXVariantGroup section */
		AB111760204051CD008B65C1 /* Main.storyboard */ = {
			isa = PBXVariantGroup;
			children = (
				AB111761204051CD008B65C1 /* Base */,
			);
			name = Main.storyboard;
			sourceTree = "<group>";
		};
		AB111765204051CE008B65C1 /* LaunchScreen.storyboard */ = {
			isa = PBXVariantGroup;
			children = (
				AB111766204051CE008B65C1 /* Base */,
			);
			name = LaunchScreen.storyboard;
			sourceTree = "<group>";
		};
/* End PBXVariantGroup section */

/* Begin XCBuildConfiguration section */
		AB111774204051CE008B65C1 /* Debug */ = {
			isa = XCBuildConfiguration;
			buildSettings = {
				ALWAYS_SEARCH_USER_PATHS = NO;
				CLANG_ANALYZER_NONNULL = YES;
				CLANG_ANALYZER_NUMBER_OBJECT_CONVERSION = YES_AGGRESSIVE;
				CLANG_CXX_LANGUAGE_STANDARD = "gnu++14";
				CLANG_CXX_LIBRARY = "libc++";
				CLANG_ENABLE_MODULES = YES;
				CLANG_ENABLE_OBJC_ARC = YES;
				CLANG_ENABLE_OBJC_WEAK = YES;
				CLANG_WARN_BLOCK_CAPTURE_AUTORELEASING = YES;
				CLANG_WARN_BOOL_CONVERSION = YES;
				CLANG_WARN_COMMA = YES;
				CLANG_WARN_CONSTANT_CONVERSION = YES;
				CLANG_WARN_DEPRECATED_OBJC_IMPLEMENTATIONS = YES;
				CLANG_WARN_DIRECT_OBJC_ISA_USAGE = YES_ERROR;
				CLANG_WARN_DOCUMENTATION_COMMENTS = YES;
				CLANG_WARN_EMPTY_BODY = YES;
				CLANG_WARN_ENUM_CONVERSION = YES;
				CLANG_WARN_INFINITE_RECURSION = YES;
				CLANG_WARN_INT_CONVERSION = YES;
				CLANG_WARN_NON_LITERAL_NULL_CONVERSION = YES;
				CLANG_WARN_OBJC_IMPLICIT_RETAIN_SELF = YES;
				CLANG_WARN_OBJC_LITERAL_CONVERSION = YES;
				CLANG_WARN_OBJC_ROOT_CLASS = YES_ERROR;
				CLANG_WARN_RANGE_LOOP_ANALYSIS = YES;
				CLANG_WARN_STRICT_PROTOTYPES = YES;
				CLANG_WARN_SUSPICIOUS_MOVE = YES;
				CLANG_WARN_UNGUARDED_AVAILABILITY = YES_AGGRESSIVE;
				CLANG_WARN_UNREACHABLE_CODE = YES;
				CLANG_WARN__DUPLICATE_METHOD_MATCH = YES;
				CODE_SIGN_IDENTITY = "iPhone Developer";
				COPY_PHASE_STRIP = NO;
				DEBUG_INFORMATION_FORMAT = dwarf;
				ENABLE_STRICT_OBJC_MSGSEND = YES;
				ENABLE_TESTABILITY = YES;
				GCC_C_LANGUAGE_STANDARD = gnu11;
				GCC_DYNAMIC_NO_PIC = NO;
				GCC_NO_COMMON_BLOCKS = YES;
				GCC_OPTIMIZATION_LEVEL = 0;
				GCC_PREPROCESSOR_DEFINITIONS = (
					"DEBUG=1",
					"$(inherited)",
				);
				GCC_WARN_64_TO_32_BIT_CONVERSION = YES;
				GCC_WARN_ABOUT_RETURN_TYPE = YES_ERROR;
				GCC_WARN_UNDECLARED_SELECTOR = YES;
				GCC_WARN_UNINITIALIZED_AUTOS = YES_AGGRESSIVE;
				GCC_WARN_UNUSED_FUNCTION = YES;
				GCC_WARN_UNUSED_VARIABLE = YES;
				IPHONEOS_DEPLOYMENT_TARGET = 11.3;
				MTL_ENABLE_DEBUG_INFO = YES;
				ONLY_ACTIVE_ARCH = YES;
				SDKROOT = iphoneos;
				SWIFT_ACTIVE_COMPILATION_CONDITIONS = DEBUG;
				SWIFT_OPTIMIZATION_LEVEL = "-Onone";
			};
			name = Debug;
		};
		AB111775204051CE008B65C1 /* Release */ = {
			isa = XCBuildConfiguration;
			buildSettings = {
				ALWAYS_SEARCH_USER_PATHS = NO;
				CLANG_ANALYZER_NONNULL = YES;
				CLANG_ANALYZER_NUMBER_OBJECT_CONVERSION = YES_AGGRESSIVE;
				CLANG_CXX_LANGUAGE_STANDARD = "gnu++14";
				CLANG_CXX_LIBRARY = "libc++";
				CLANG_ENABLE_MODULES = YES;
				CLANG_ENABLE_OBJC_ARC = YES;
				CLANG_ENABLE_OBJC_WEAK = YES;
				CLANG_WARN_BLOCK_CAPTURE_AUTORELEASING = YES;
				CLANG_WARN_BOOL_CONVERSION = YES;
				CLANG_WARN_COMMA = YES;
				CLANG_WARN_CONSTANT_CONVERSION = YES;
				CLANG_WARN_DEPRECATED_OBJC_IMPLEMENTATIONS = YES;
				CLANG_WARN_DIRECT_OBJC_ISA_USAGE = YES_ERROR;
				CLANG_WARN_DOCUMENTATION_COMMENTS = YES;
				CLANG_WARN_EMPTY_BODY = YES;
				CLANG_WARN_ENUM_CONVERSION = YES;
				CLANG_WARN_INFINITE_RECURSION = YES;
				CLANG_WARN_INT_CONVERSION = YES;
				CLANG_WARN_NON_LITERAL_NULL_CONVERSION = YES;
				CLANG_WARN_OBJC_IMPLICIT_RETAIN_SELF = YES;
				CLANG_WARN_OBJC_LITERAL_CONVERSION = YES;
				CLANG_WARN_OBJC_ROOT_CLASS = YES_ERROR;
				CLANG_WARN_RANGE_LOOP_ANALYSIS = YES;
				CLANG_WARN_STRICT_PROTOTYPES = YES;
				CLANG_WARN_SUSPICIOUS_MOVE = YES;
				CLANG_WARN_UNGUARDED_AVAILABILITY = YES_AGGRESSIVE;
				CLANG_WARN_UNREACHABLE_CODE = YES;
				CLANG_WARN__DUPLICATE_METHOD_MATCH = YES;
				CODE_SIGN_IDENTITY = "iPhone Developer";
				COPY_PHASE_STRIP = NO;
				DEBUG_INFORMATION_FORMAT = "dwarf-with-dsym";
				ENABLE_NS_ASSERTIONS = NO;
				ENABLE_STRICT_OBJC_MSGSEND = YES;
				GCC_C_LANGUAGE_STANDARD = gnu11;
				GCC_NO_COMMON_BLOCKS = YES;
				GCC_WARN_64_TO_32_BIT_CONVERSION = YES;
				GCC_WARN_ABOUT_RETURN_TYPE = YES_ERROR;
				GCC_WARN_UNDECLARED_SELECTOR = YES;
				GCC_WARN_UNINITIALIZED_AUTOS = YES_AGGRESSIVE;
				GCC_WARN_UNUSED_FUNCTION = YES;
				GCC_WARN_UNUSED_VARIABLE = YES;
				IPHONEOS_DEPLOYMENT_TARGET = 11.3;
				MTL_ENABLE_DEBUG_INFO = NO;
				SDKROOT = iphoneos;
				SWIFT_OPTIMIZATION_LEVEL = "-Owholemodule";
				VALIDATE_PRODUCT = YES;
			};
			name = Release;
		};
		AB111777204051CE008B65C1 /* Debug */ = {
			isa = XCBuildConfiguration;
			buildSettings = {
				ASSETCATALOG_COMPILER_APPICON_NAME = AppIcon;
				CODE_SIGN_STYLE = Automatic;
				DEVELOPMENT_TEAM = V2ZY4XFW4B;
				INFOPLIST_FILE = "$(SRCROOT)/TapCounter/Info.plist";
				LD_RUNPATH_SEARCH_PATHS = (
					"$(inherited)",
					"@executable_path/Frameworks",
				);
				PRODUCT_BUNDLE_IDENTIFIER = com.gakki.TapCounter;
				PRODUCT_NAME = "$(TARGET_NAME)";
				SWIFT_VERSION = 4.0;
				TARGETED_DEVICE_FAMILY = 1;
			};
			name = Debug;
		};
		AB111778204051CE008B65C1 /* Release */ = {
			isa = XCBuildConfiguration;
			buildSettings = {
				ASSETCATALOG_COMPILER_APPICON_NAME = AppIcon;
				CODE_SIGN_STYLE = Automatic;
				DEVELOPMENT_TEAM = V2ZY4XFW4B;
				INFOPLIST_FILE = "$(SRCROOT)/TapCounter/Info.plist";
				LD_RUNPATH_SEARCH_PATHS = (
					"$(inherited)",
					"@executable_path/Frameworks",
				);
				PRODUCT_BUNDLE_IDENTIFIER = com.gakki.TapCounter;
				PRODUCT_NAME = "$(TARGET_NAME)";
				SWIFT_VERSION = 4.0;
				TARGETED_DEVICE_FAMILY = 1;
			};
			name = Release;
		};
		AB11177A204051CE008B65C1 /* Debug */ = {
			isa = XCBuildConfiguration;
			buildSettings = {
				ALWAYS_EMBED_SWIFT_STANDARD_LIBRARIES = YES;
				BUNDLE_LOADER = "$(TEST_HOST)";
				CODE_SIGN_STYLE = Automatic;
				DEVELOPMENT_TEAM = V2ZY4XFW4B;
				INFOPLIST_FILE = 01TagCounterTests/Info.plist;
				LD_RUNPATH_SEARCH_PATHS = (
					"$(inherited)",
					"@executable_path/Frameworks",
					"@loader_path/Frameworks",
				);
				PRODUCT_BUNDLE_IDENTIFIER = "com.gakki.-1TagCounterTests";
				PRODUCT_NAME = "$(TARGET_NAME)";
				SWIFT_VERSION = 4.0;
				TARGETED_DEVICE_FAMILY = "1,2";
				TEST_HOST = "$(BUILT_PRODUCTS_DIR)/TapCounter.app/TapCounter";
			};
			name = Debug;
		};
		AB11177B204051CE008B65C1 /* Release */ = {
			isa = XCBuildConfiguration;
			buildSettings = {
				ALWAYS_EMBED_SWIFT_STANDARD_LIBRARIES = YES;
				BUNDLE_LOADER = "$(TEST_HOST)";
				CODE_SIGN_STYLE = Automatic;
				DEVELOPMENT_TEAM = V2ZY4XFW4B;
				INFOPLIST_FILE = 01TagCounterTests/Info.plist;
				LD_RUNPATH_SEARCH_PATHS = (
					"$(inherited)",
					"@executable_path/Frameworks",
					"@loader_path/Frameworks",
				);
				PRODUCT_BUNDLE_IDENTIFIER = "com.gakki.-1TagCounterTests";
				PRODUCT_NAME = "$(TARGET_NAME)";
				SWIFT_VERSION = 4.0;
				TARGETED_DEVICE_FAMILY = "1,2";
				TEST_HOST = "$(BUILT_PRODUCTS_DIR)/TapCounter.app/TapCounter";
			};
			name = Release;
		};
/* End XCBuildConfiguration section */

/* Begin XCConfigurationList section */
		AB111754204051CD008B65C1 /* Build configuration list for PBXProject "TapCounter" */ = {
			isa = XCConfigurationList;
			buildConfigurations = (
				AB111774204051CE008B65C1 /* Debug */,
				AB111775204051CE008B65C1 /* Release */,
			);
			defaultConfigurationIsVisible = 0;
			defaultConfigurationName = Release;
		};
		AB111776204051CE008B65C1 /* Build configuration list for PBXNativeTarget "TapCounter" */ = {
			isa = XCConfigurationList;
			buildConfigurations = (
				AB111777204051CE008B65C1 /* Debug */,
				AB111778204051CE008B65C1 /* Release */,
			);
			defaultConfigurationIsVisible = 0;
			defaultConfigurationName = Release;
		};
		AB111779204051CE008B65C1 /* Build configuration list for PBXNativeTarget "TapCounterTests" */ = {
			isa = XCConfigurationList;
			buildConfigurations = (
				AB11177A204051CE008B65C1 /* Debug */,
				AB11177B204051CE008B65C1 /* Release */,
			);
			defaultConfigurationIsVisible = 0;
			defaultConfigurationName = Release;
		};
/* End XCConfigurationList section */
	};
	rootObject = AB111751204051CD008B65C1 /* Project object */;
}
